# THIS IS AN AUTOGENERATED FILE. DO NOT EDIT THIS FILE DIRECTLY.
# yarn lockfile v1


node-addon-api@^7.0.0:
  version "7.1.1"
  resolved "https://registry.yarnpkg.com/node-addon-api/-/node-addon-api-7.1.1.tgz#1aba6693b0f255258a049d621329329322aad558"
  integrity sha512-5m3bsyrjFWE1xf7nz7YXdN4udnVtXK6/Yfgn5qnahL6bCkf2yKt4k3nuTKAtT4r3IG8JNR2ncsIMdZuAzJjHQQ==

smart-whisper@^0.8.1:
  version "0.8.1"
  resolved "https://registry.yarnpkg.com/smart-whisper/-/smart-whisper-0.8.1.tgz#e7502179e937d297d085474a8f6ded62ee4417fa"
  integrity sha512-0DnhD6Hq7kTpWAJxv057o8rkcZ2Sv2/ZpJZJjj/DT+8Ll/zH5EHQM1lSwk+W15AvfDPD3K2ku+MD2KCXD51z5A==
  dependencies:
    node-addon-api "^7.0.0"
